
Microsoft Visual Studio Solution File, Format Version 12.00
# Visual Studio 15
VisualStudioVersion = 15.0.27130.2036
MinimumVisualStudioVersion = 10.0.40219.1
Project("{2150E333-8FDC-42A3-9474-1A3956D46DE8}") = "Applications", "Applications", "{9FAA59E5-7D1A-4DC0-AA16-9A5EDF8F1BE7}"
EndProject
Project("{2150E333-8FDC-42A3-9474-1A3956D46DE8}") = "Domain", "Domain", "{C170BD5F-C273-4233-8D1C-A6D19EDF0692}"
EndProject
Project("{2150E333-8FDC-42A3-9474-1A3956D46DE8}") = "Infrastructure", "Infrastructure", "{DBF0EF48-D8BA-4D10-BB74-DADF5137DB67}"
EndProject
Project("{FAE04EC0-301F-11D3-BF4B-00C04F79EFBC}") = "StockManager.Dashboard", "src\Applications\StockManager.Dashboard\StockManager.Dashboard.csproj", "{7D3FBCD3-9786-45D3-AB6B-37B7A122F64D}"
EndProject
Project("{9A19103F-16F7-4668-BE54-9A1E7A4F7556}") = "StockManager.Domain.Core", "src\Domain\StockManager.Domain.Core\StockManager.Domain.Core.csproj", "{52F55E6A-FEC1-4DB6-BA28-5DB157C9ACF8}"
EndProject
Project("{2150E333-8FDC-42A3-9474-1A3956D46DE8}") = "Data", "Data", "{987FBFF1-B166-4D89-87AD-B0F1C8356BEA}"
EndProject
Project("{9A19103F-16F7-4668-BE54-9A1E7A4F7556}") = "StockManager.Infrastructure.Data.SQLite", "src\Infrastructure\Data\StockManager.Infrastructure.Data.SQLite\StockManager.Infrastructure.Data.SQLite.csproj", "{C0388656-CC2D-4075-B45B-50335BF8851C}"
EndProject
Project("{2150E333-8FDC-42A3-9474-1A3956D46DE8}") = "Business", "Business", "{A8128FAC-8072-4436-AE1B-F5DC578E3D1E}"
EndProject
Project("{2150E333-8FDC-42A3-9474-1A3956D46DE8}") = "Connectors", "Connectors", "{FB97555E-5B9F-49CB-A1FE-C4C00125E1AB}"
EndProject
Project("{9A19103F-16F7-4668-BE54-9A1E7A4F7556}") = "StockManager.Infrastructure.Common", "src\Infrastructure\StockManager.Infrastructure.Common\StockManager.Infrastructure.Common.csproj", "{C577F411-B327-4895-9032-A9D8C402025F}"
EndProject
Project("{9A19103F-16F7-4668-BE54-9A1E7A4F7556}") = "StockManager.Infrastructure.Business.Common", "src\Infrastructure\Business\StockManager.Infrastructure.Business.Common\StockManager.Infrastructure.Business.Common.csproj", "{DD2741A3-D66B-4E73-8BC1-F96049ED3947}"
EndProject
Project("{9A19103F-16F7-4668-BE54-9A1E7A4F7556}") = "StockManager.Infrastructure.Connectors.Common", "src\Infrastructure\Connectors\StockManager.Infrastructure.Connectors.Common\StockManager.Infrastructure.Connectors.Common.csproj", "{2F62A03B-FECC-4CC7-8120-978036F464A6}"
EndProject
Project("{9A19103F-16F7-4668-BE54-9A1E7A4F7556}") = "StockManager.Infrastructure.Connectors.HitBtc.Rest", "src\Infrastructure\Connectors\StockManager.Infrastructure.Connectors.HitBtc.Rest\StockManager.Infrastructure.Connectors.HitBtc.Rest.csproj", "{8F4D878D-04EB-4455-BB04-FAC75D7CA6FC}"
EndProject
Project("{2150E333-8FDC-42A3-9474-1A3956D46DE8}") = "Analysis", "Analysis", "{9FAE10AD-4C5E-4F68-BAFA-AB309C4C20C0}"
EndProject
Project("{9A19103F-16F7-4668-BE54-9A1E7A4F7556}") = "StockManager.Infrastructure.Analysis.Common", "src\Infrastructure\Analysis\StockManager.Infrastructure.Analysis.Common\StockManager.Infrastructure.Analysis.Common.csproj", "{41C8CBE4-1D0D-4745-84F9-1CB919EBC3CA}"
EndProject
Project("{9A19103F-16F7-4668-BE54-9A1E7A4F7556}") = "StockManager.Infrastructure.Analysis.Trady", "src\Infrastructure\Analysis\StockManager.Infrastructure.Analysis.Trady\StockManager.Infrastructure.Analysis.Trady.csproj", "{CC9D54DA-B49B-47CD-BC6D-3B133651BE36}"
EndProject
Project("{9A19103F-16F7-4668-BE54-9A1E7A4F7556}") = "StockManager.BackTestDataCollector", "src\Applications\StockManager.BackTestDataCollector\StockManager.BackTestDataCollector.csproj", "{62FEA044-7394-4397-A0A5-DDE6806721FA}"
EndProject
Project("{9A19103F-16F7-4668-BE54-9A1E7A4F7556}") = "StockManager.Infrastructure.Business.Chart", "src\Infrastructure\Business\StockManager.Infrastructure.Business.Chart\StockManager.Infrastructure.Business.Chart.csproj", "{713DE155-8B7A-41B5-AAFD-6EA278CE2F52}"
EndProject
Project("{9A19103F-16F7-4668-BE54-9A1E7A4F7556}") = "StockManager.Infrastructure.Business.Collector", "src\Infrastructure\Business\StockManager.Infrastructure.Business.Collector\StockManager.Infrastructure.Business.Collector.csproj", "{F9890ED9-A761-45FE-A126-179B42F2F2A0}"
EndProject
Project("{9A19103F-16F7-4668-BE54-9A1E7A4F7556}") = "StockManager.Infrastructure.Business.Trading", "src\Infrastructure\Business\StockManager.Infrastructure.Business.Trading\StockManager.Infrastructure.Business.Trading.csproj", "{43CB1F9E-ABB1-41B9-A2AB-14980912C111}"
EndProject
Project("{9A19103F-16F7-4668-BE54-9A1E7A4F7556}") = "StockManager.TradingBot", "src\Applications\StockManager.TradingBot\StockManager.TradingBot.csproj", "{10E02CEB-FFEB-4507-9384-ADF73E1A4351}"
EndProject
Project("{2150E333-8FDC-42A3-9474-1A3956D46DE8}") = "Utilities", "Utilities", "{EFF3597E-ECB8-4CD1-B907-2C9BDEF4B52D}"
EndProject
Project("{9A19103F-16F7-4668-BE54-9A1E7A4F7556}") = "StockManager.Infrastructure.Utilities.Logging", "src\Infrastructure\Utilities\StockManager.Infrastructure.Utilities.Logging\StockManager.Infrastructure.Utilities.Logging.csproj", "{9A17F831-1C00-4693-8D44-CCDFC6A2C5E2}"
EndProject
Project("{FAE04EC0-301F-11D3-BF4B-00C04F79EFBC}") = "StockManager.Infrastructure.Utilities.Configuration", "src\Infrastructure\Utilities\StockManager.Infrastructure.Utilities.Configuration\StockManager.Infrastructure.Utilities.Configuration.csproj", "{79D8BB2E-5C57-4DFC-8DBB-C245262C10AA}"
EndProject
Project("{FAE04EC0-301F-11D3-BF4B-00C04F79EFBC}") = "StockManager.SandBox", "src\Applications\StockManager.SandBox\StockManager.SandBox.csproj", "{3925AB24-9E49-443C-B115-8CCE47815E92}"
EndProject
Global
	GlobalSection(SolutionConfigurationPlatforms) = preSolution
		Debug|Any CPU = Debug|Any CPU
		Release|Any CPU = Release|Any CPU
	EndGlobalSection
	GlobalSection(ProjectConfigurationPlatforms) = postSolution
		{7D3FBCD3-9786-45D3-AB6B-37B7A122F64D}.Debug|Any CPU.ActiveCfg = Debug|Any CPU
		{7D3FBCD3-9786-45D3-AB6B-37B7A122F64D}.Debug|Any CPU.Build.0 = Debug|Any CPU
		{7D3FBCD3-9786-45D3-AB6B-37B7A122F64D}.Release|Any CPU.ActiveCfg = Release|Any CPU
		{7D3FBCD3-9786-45D3-AB6B-37B7A122F64D}.Release|Any CPU.Build.0 = Release|Any CPU
		{52F55E6A-FEC1-4DB6-BA28-5DB157C9ACF8}.Debug|Any CPU.ActiveCfg = Debug|Any CPU
		{52F55E6A-FEC1-4DB6-BA28-5DB157C9ACF8}.Debug|Any CPU.Build.0 = Debug|Any CPU
		{52F55E6A-FEC1-4DB6-BA28-5DB157C9ACF8}.Release|Any CPU.ActiveCfg = Release|Any CPU
		{52F55E6A-FEC1-4DB6-BA28-5DB157C9ACF8}.Release|Any CPU.Build.0 = Release|Any CPU
		{C0388656-CC2D-4075-B45B-50335BF8851C}.Debug|Any CPU.ActiveCfg = Debug|Any CPU
		{C0388656-CC2D-4075-B45B-50335BF8851C}.Debug|Any CPU.Build.0 = Debug|Any CPU
		{C0388656-CC2D-4075-B45B-50335BF8851C}.Release|Any CPU.ActiveCfg = Release|Any CPU
		{C0388656-CC2D-4075-B45B-50335BF8851C}.Release|Any CPU.Build.0 = Release|Any CPU
		{C577F411-B327-4895-9032-A9D8C402025F}.Debug|Any CPU.ActiveCfg = Debug|Any CPU
		{C577F411-B327-4895-9032-A9D8C402025F}.Debug|Any CPU.Build.0 = Debug|Any CPU
		{C577F411-B327-4895-9032-A9D8C402025F}.Release|Any CPU.ActiveCfg = Release|Any CPU
		{C577F411-B327-4895-9032-A9D8C402025F}.Release|Any CPU.Build.0 = Release|Any CPU
		{DD2741A3-D66B-4E73-8BC1-F96049ED3947}.Debug|Any CPU.ActiveCfg = Debug|Any CPU
		{DD2741A3-D66B-4E73-8BC1-F96049ED3947}.Debug|Any CPU.Build.0 = Debug|Any CPU
		{DD2741A3-D66B-4E73-8BC1-F96049ED3947}.Release|Any CPU.ActiveCfg = Release|Any CPU
		{DD2741A3-D66B-4E73-8BC1-F96049ED3947}.Release|Any CPU.Build.0 = Release|Any CPU
		{2F62A03B-FECC-4CC7-8120-978036F464A6}.Debug|Any CPU.ActiveCfg = Debug|Any CPU
		{2F62A03B-FECC-4CC7-8120-978036F464A6}.Debug|Any CPU.Build.0 = Debug|Any CPU
		{2F62A03B-FECC-4CC7-8120-978036F464A6}.Release|Any CPU.ActiveCfg = Release|Any CPU
		{2F62A03B-FECC-4CC7-8120-978036F464A6}.Release|Any CPU.Build.0 = Release|Any CPU
		{8F4D878D-04EB-4455-BB04-FAC75D7CA6FC}.Debug|Any CPU.ActiveCfg = Debug|Any CPU
		{8F4D878D-04EB-4455-BB04-FAC75D7CA6FC}.Debug|Any CPU.Build.0 = Debug|Any CPU
		{8F4D878D-04EB-4455-BB04-FAC75D7CA6FC}.Release|Any CPU.ActiveCfg = Release|Any CPU
		{8F4D878D-04EB-4455-BB04-FAC75D7CA6FC}.Release|Any CPU.Build.0 = Release|Any CPU
		{41C8CBE4-1D0D-4745-84F9-1CB919EBC3CA}.Debug|Any CPU.ActiveCfg = Debug|Any CPU
		{41C8CBE4-1D0D-4745-84F9-1CB919EBC3CA}.Debug|Any CPU.Build.0 = Debug|Any CPU
		{41C8CBE4-1D0D-4745-84F9-1CB919EBC3CA}.Release|Any CPU.ActiveCfg = Release|Any CPU
		{41C8CBE4-1D0D-4745-84F9-1CB919EBC3CA}.Release|Any CPU.Build.0 = Release|Any CPU
		{CC9D54DA-B49B-47CD-BC6D-3B133651BE36}.Debug|Any CPU.ActiveCfg = Debug|Any CPU
		{CC9D54DA-B49B-47CD-BC6D-3B133651BE36}.Debug|Any CPU.Build.0 = Debug|Any CPU
		{CC9D54DA-B49B-47CD-BC6D-3B133651BE36}.Release|Any CPU.ActiveCfg = Release|Any CPU
		{CC9D54DA-B49B-47CD-BC6D-3B133651BE36}.Release|Any CPU.Build.0 = Release|Any CPU
		{62FEA044-7394-4397-A0A5-DDE6806721FA}.Debug|Any CPU.ActiveCfg = Debug|Any CPU
		{62FEA044-7394-4397-A0A5-DDE6806721FA}.Debug|Any CPU.Build.0 = Debug|Any CPU
		{62FEA044-7394-4397-A0A5-DDE6806721FA}.Release|Any CPU.ActiveCfg = Release|Any CPU
		{62FEA044-7394-4397-A0A5-DDE6806721FA}.Release|Any CPU.Build.0 = Release|Any CPU
		{713DE155-8B7A-41B5-AAFD-6EA278CE2F52}.Debug|Any CPU.ActiveCfg = Debug|Any CPU
		{713DE155-8B7A-41B5-AAFD-6EA278CE2F52}.Debug|Any CPU.Build.0 = Debug|Any CPU
		{713DE155-8B7A-41B5-AAFD-6EA278CE2F52}.Release|Any CPU.ActiveCfg = Release|Any CPU
		{713DE155-8B7A-41B5-AAFD-6EA278CE2F52}.Release|Any CPU.Build.0 = Release|Any CPU
		{F9890ED9-A761-45FE-A126-179B42F2F2A0}.Debug|Any CPU.ActiveCfg = Debug|Any CPU
		{F9890ED9-A761-45FE-A126-179B42F2F2A0}.Debug|Any CPU.Build.0 = Debug|Any CPU
		{F9890ED9-A761-45FE-A126-179B42F2F2A0}.Release|Any CPU.ActiveCfg = Release|Any CPU
		{F9890ED9-A761-45FE-A126-179B42F2F2A0}.Release|Any CPU.Build.0 = Release|Any CPU
		{43CB1F9E-ABB1-41B9-A2AB-14980912C111}.Debug|Any CPU.ActiveCfg = Debug|Any CPU
		{43CB1F9E-ABB1-41B9-A2AB-14980912C111}.Debug|Any CPU.Build.0 = Debug|Any CPU
		{43CB1F9E-ABB1-41B9-A2AB-14980912C111}.Release|Any CPU.ActiveCfg = Release|Any CPU
		{43CB1F9E-ABB1-41B9-A2AB-14980912C111}.Release|Any CPU.Build.0 = Release|Any CPU
		{10E02CEB-FFEB-4507-9384-ADF73E1A4351}.Debug|Any CPU.ActiveCfg = Debug|Any CPU
		{10E02CEB-FFEB-4507-9384-ADF73E1A4351}.Debug|Any CPU.Build.0 = Debug|Any CPU
		{10E02CEB-FFEB-4507-9384-ADF73E1A4351}.Release|Any CPU.ActiveCfg = Release|Any CPU
		{10E02CEB-FFEB-4507-9384-ADF73E1A4351}.Release|Any CPU.Build.0 = Release|Any CPU
		{9A17F831-1C00-4693-8D44-CCDFC6A2C5E2}.Debug|Any CPU.ActiveCfg = Debug|Any CPU
		{9A17F831-1C00-4693-8D44-CCDFC6A2C5E2}.Debug|Any CPU.Build.0 = Debug|Any CPU
		{9A17F831-1C00-4693-8D44-CCDFC6A2C5E2}.Release|Any CPU.ActiveCfg = Release|Any CPU
		{9A17F831-1C00-4693-8D44-CCDFC6A2C5E2}.Release|Any CPU.Build.0 = Release|Any CPU
		{79D8BB2E-5C57-4DFC-8DBB-C245262C10AA}.Debug|Any CPU.ActiveCfg = Debug|Any CPU
		{79D8BB2E-5C57-4DFC-8DBB-C245262C10AA}.Debug|Any CPU.Build.0 = Debug|Any CPU
		{79D8BB2E-5C57-4DFC-8DBB-C245262C10AA}.Release|Any CPU.ActiveCfg = Release|Any CPU
		{79D8BB2E-5C57-4DFC-8DBB-C245262C10AA}.Release|Any CPU.Build.0 = Release|Any CPU
		{3925AB24-9E49-443C-B115-8CCE47815E92}.Debug|Any CPU.ActiveCfg = Debug|Any CPU
		{3925AB24-9E49-443C-B115-8CCE47815E92}.Debug|Any CPU.Build.0 = Debug|Any CPU
		{3925AB24-9E49-443C-B115-8CCE47815E92}.Release|Any CPU.ActiveCfg = Release|Any CPU
		{3925AB24-9E49-443C-B115-8CCE47815E92}.Release|Any CPU.Build.0 = Release|Any CPU
	EndGlobalSection
	GlobalSection(SolutionProperties) = preSolution
		HideSolutionNode = FALSE
	EndGlobalSection
	GlobalSection(NestedProjects) = preSolution
		{7D3FBCD3-9786-45D3-AB6B-37B7A122F64D} = {9FAA59E5-7D1A-4DC0-AA16-9A5EDF8F1BE7}
		{52F55E6A-FEC1-4DB6-BA28-5DB157C9ACF8} = {C170BD5F-C273-4233-8D1C-A6D19EDF0692}
		{987FBFF1-B166-4D89-87AD-B0F1C8356BEA} = {DBF0EF48-D8BA-4D10-BB74-DADF5137DB67}
		{C0388656-CC2D-4075-B45B-50335BF8851C} = {987FBFF1-B166-4D89-87AD-B0F1C8356BEA}
		{A8128FAC-8072-4436-AE1B-F5DC578E3D1E} = {DBF0EF48-D8BA-4D10-BB74-DADF5137DB67}
		{FB97555E-5B9F-49CB-A1FE-C4C00125E1AB} = {DBF0EF48-D8BA-4D10-BB74-DADF5137DB67}
		{C577F411-B327-4895-9032-A9D8C402025F} = {DBF0EF48-D8BA-4D10-BB74-DADF5137DB67}
		{DD2741A3-D66B-4E73-8BC1-F96049ED3947} = {A8128FAC-8072-4436-AE1B-F5DC578E3D1E}
		{2F62A03B-FECC-4CC7-8120-978036F464A6} = {FB97555E-5B9F-49CB-A1FE-C4C00125E1AB}
		{8F4D878D-04EB-4455-BB04-FAC75D7CA6FC} = {FB97555E-5B9F-49CB-A1FE-C4C00125E1AB}
		{9FAE10AD-4C5E-4F68-BAFA-AB309C4C20C0} = {DBF0EF48-D8BA-4D10-BB74-DADF5137DB67}
		{41C8CBE4-1D0D-4745-84F9-1CB919EBC3CA} = {9FAE10AD-4C5E-4F68-BAFA-AB309C4C20C0}
		{CC9D54DA-B49B-47CD-BC6D-3B133651BE36} = {9FAE10AD-4C5E-4F68-BAFA-AB309C4C20C0}
		{62FEA044-7394-4397-A0A5-DDE6806721FA} = {9FAA59E5-7D1A-4DC0-AA16-9A5EDF8F1BE7}
		{713DE155-8B7A-41B5-AAFD-6EA278CE2F52} = {A8128FAC-8072-4436-AE1B-F5DC578E3D1E}
		{F9890ED9-A761-45FE-A126-179B42F2F2A0} = {A8128FAC-8072-4436-AE1B-F5DC578E3D1E}
		{43CB1F9E-ABB1-41B9-A2AB-14980912C111} = {A8128FAC-8072-4436-AE1B-F5DC578E3D1E}
		{10E02CEB-FFEB-4507-9384-ADF73E1A4351} = {9FAA59E5-7D1A-4DC0-AA16-9A5EDF8F1BE7}
		{EFF3597E-ECB8-4CD1-B907-2C9BDEF4B52D} = {DBF0EF48-D8BA-4D10-BB74-DADF5137DB67}
		{9A17F831-1C00-4693-8D44-CCDFC6A2C5E2} = {EFF3597E-ECB8-4CD1-B907-2C9BDEF4B52D}
		{79D8BB2E-5C57-4DFC-8DBB-C245262C10AA} = {EFF3597E-ECB8-4CD1-B907-2C9BDEF4B52D}
		{3925AB24-9E49-443C-B115-8CCE47815E92} = {9FAA59E5-7D1A-4DC0-AA16-9A5EDF8F1BE7}
	EndGlobalSection
	GlobalSection(ExtensibilityGlobals) = postSolution
		SolutionGuid = {28456BED-5AB3-40B9-9C8D-8460E157E7F6}
	EndGlobalSection
EndGlobal
